// !$*UTF8*$!
{
	archiveVersion = 1;
	classes = {
	};
	objectVersion = 77;
	objects = {

/* Begin PBXBuildFile section */
		0380A25D9C167845BE886F9F /* AudioLevelView.swift in Sources */ = {isa = PBXBuildFile; fileRef = 9D94C1303E5571332B104BDC /* AudioLevelView.swift */; };
		0429D757A3553A3223EF81BB /* MenuBarContent.swift in Sources */ = {isa = PBXBuildFile; fileRef = 7B7AF7F8F060D26B36DFE464 /* MenuBarContent.swift */; };
		04E52748A1033241C5929555 /* CredentialStore.swift in Sources */ = {isa = PBXBuildFile; fileRef = D81EDDA49E591C5C0D601998 /* CredentialStore.swift */; };
		0D07ABC59B16E736390BFDBA /* SettingsView.swift in Sources */ = {isa = PBXBuildFile; fileRef = 7E4DD7C7BC771AEEB71CA116 /* SettingsView.swift */; };
		18AAF07739378CCDFCEBA7B7 /* AudioFileWriter.swift in Sources */ = {isa = PBXBuildFile; fileRef = 0B7D1449CC5ADC30CDF85E51 /* AudioFileWriter.swift */; };
		18D9388BE0011D0F9FB59E9E /* MainView.swift in Sources */ = {isa = PBXBuildFile; fileRef = 16DC370783FB55F2E271BFA0 /* MainView.swift */; };
		1DB2F8C83A7952AB0A1D5193 /* RecordingStatus.swift in Sources */ = {isa = PBXBuildFile; fileRef = ADDC892940A918DCEC413C9D /* RecordingStatus.swift */; };
		2458BB35D315BC682FCC9714 /* DurationFormatter.swift in Sources */ = {isa = PBXBuildFile; fileRef = 0D040F518D56B4F4D68FC1A7 /* DurationFormatter.swift */; };
		24C77417E31F70F5C35DE34B /* CoreMedia.framework in Frameworks */ = {isa = PBXBuildFile; fileRef = 26499786989D508BE332BBA3 /* CoreMedia.framework */; };
		2873664D297A9F09267F87B1 /* RealtimeTranscriptionServiceTests.swift in Sources */ = {isa = PBXBuildFile; fileRef = 5840EC14573C565E8B40CCED /* RealtimeTranscriptionServiceTests.swift */; };
		29B0FF5BA35EE9C770049528 /* APIRequestAuthentication.swift in Sources */ = {isa = PBXBuildFile; fileRef = DF9DBC2736B52584ED5FE033 /* APIRequestAuthentication.swift */; };
		2CED6B5FF29D12CDF9DB53AD /* SystemAudioFailure.swift in Sources */ = {isa = PBXBuildFile; fileRef = E68F3930FF6EC73482437F1C /* SystemAudioFailure.swift */; };
		33F30B7C75A133DE38EF5FF5 /* RecordingTimelineBuilder.swift in Sources */ = {isa = PBXBuildFile; fileRef = D787FED07AE94ECE391B3237 /* RecordingTimelineBuilder.swift */; };
		34D2E40AC7F3F287F0E41694 /* MeetingRepositoryTests.swift in Sources */ = {isa = PBXBuildFile; fileRef = D66172872C75836D13615123 /* MeetingRepositoryTests.swift */; };
		3BA2CB03D537CA1DFED99E22 /* CredentialStoreTests.swift in Sources */ = {isa = PBXBuildFile; fileRef = 50ED0007AD8075DDA865910D /* CredentialStoreTests.swift */; };
		3C1413D19E85FA63BB5BA82F /* AudioCaptureService.swift in Sources */ = {isa = PBXBuildFile; fileRef = 006A4E8E1E9DA0DBA1AB5AFA /* AudioCaptureService.swift */; };
		405466813290B9BECE89C9C7 /* TranscriptSegment.swift in Sources */ = {isa = PBXBuildFile; fileRef = 7554B30F223CC66A39FAF94C /* TranscriptSegment.swift */; };
		430C0ADD4266C740E7B0605D /* PermissionManager.swift in Sources */ = {isa = PBXBuildFile; fileRef = 754A62A2B532D15A6A79FD73 /* PermissionManager.swift */; };
		43C5FB0447DE665606E06ACA /* AudioLevelMeter.swift in Sources */ = {isa = PBXBuildFile; fileRef = 658182D53FB832E9DCFB2EC6 /* AudioLevelMeter.swift */; };
		47F6EDFECAFA7053BA51CB20 /* MinuteFlowApp.swift in Sources */ = {isa = PBXBuildFile; fileRef = 32E8D9392681CD3EF463E4E6 /* MinuteFlowApp.swift */; };
		5856A5027DAC2D55FF9712FB /* ModelSettingsStoreTests.swift in Sources */ = {isa = PBXBuildFile; fileRef = 8E469961A36BD2790CF0DB7B /* ModelSettingsStoreTests.swift */; };
		6367C8292E64962CCCF0F23C /* RemoteSummaryClientTests.swift in Sources */ = {isa = PBXBuildFile; fileRef = 8787AC04CCE1FB151543EB47 /* RemoteSummaryClientTests.swift */; };
		65C93977F13707F79C1B3E78 /* AppIcon.icns in Resources */ = {isa = PBXBuildFile; fileRef = CB8FE80196FF8F6FF1370CFE /* AppIcon.icns */; };
		6885D81AE3431F28461C1DCF /* RemoteASRClientTests.swift in Sources */ = {isa = PBXBuildFile; fileRef = 8F85D6D90AD7045514CE4346 /* RemoteASRClientTests.swift */; };
		75D1FC6BD569F7A8E480B5B2 /* TestAudioFactory.swift in Sources */ = {isa = PBXBuildFile; fileRef = 4EB0ADD3168820859F0812C8 /* TestAudioFactory.swift */; };
		76D90379F6B295939CC5732C /* APIRequestAuthenticationTests.swift in Sources */ = {isa = PBXBuildFile; fileRef = FE91EDAAC2992C25061E84D4 /* APIRequestAuthenticationTests.swift */; };
		7BBEA2AA4648A7C61FB51217 /* AudioCaptureServiceTests.swift in Sources */ = {isa = PBXBuildFile; fileRef = 19116655A93CAF5E84986C10 /* AudioCaptureServiceTests.swift */; };
		7CD716AA06A33039F9DE4647 /* ModelSettingsStore.swift in Sources */ = {isa = PBXBuildFile; fileRef = C131D791C14BA1EE612AAAB3 /* ModelSettingsStore.swift */; };
		861B2B840D437872902F482D /* AppDelegate.swift in Sources */ = {isa = PBXBuildFile; fileRef = 4D0454C174A442DB0A447F56 /* AppDelegate.swift */; };
		8EA9EF3238B5F252D54EE08E /* AudioSourceSelection.swift in Sources */ = {isa = PBXBuildFile; fileRef = 756020D59429A366922B8E35 /* AudioSourceSelection.swift */; };
		9046223D545C51822BC72ACB /* ScreenCaptureKit.framework in Frameworks */ = {isa = PBXBuildFile; fileRef = DEC79055EBBB6D7CABF2127A /* ScreenCaptureKit.framework */; };
		916E58A49373B47CD776D659 /* RemoteRealtimeTranscriptionService.swift in Sources */ = {isa = PBXBuildFile; fileRef = 69376D9CDD41D6C0844249DD /* RemoteRealtimeTranscriptionService.swift */; };
		96EE53D26D52CE6B298D09BB /* MicrophoneCaptureService.swift in Sources */ = {isa = PBXBuildFile; fileRef = 12579BBD24BB5413A2D6A380 /* MicrophoneCaptureService.swift */; };
		A6819E30AB888D5D5D307C1F /* RemoteDocumentFormattingClientTests.swift in Sources */ = {isa = PBXBuildFile; fileRef = D8E057D6B00140F30551C8B5 /* RemoteDocumentFormattingClientTests.swift */; };
		A826A6373058B19C2AFDE743 /* AudioMixingTests.swift in Sources */ = {isa = PBXBuildFile; fileRef = E0D1ED571156910A401753D8 /* AudioMixingTests.swift */; };
		A98C7C49895FD5F8831CE3B5 /* AVFoundation.framework in Frameworks */ = {isa = PBXBuildFile; fileRef = CA62E798CE8634FC099CB9AF /* AVFoundation.framework */; };
		B0936F5BD73F856BB434C122 /* RemoteASRClient.swift in Sources */ = {isa = PBXBuildFile; fileRef = 939088793935E18624ADE1D9 /* RemoteASRClient.swift */; };
		B3E62D1F9C91376F635D5AA5 /* SystemAudioCaptureService.swift in Sources */ = {isa = PBXBuildFile; fileRef = A39BA96E1A0C9C2A2D10A6F5 /* SystemAudioCaptureService.swift */; };
		B7BB4EBA17A669583590AD67 /* KeychainStore.swift in Sources */ = {isa = PBXBuildFile; fileRef = 08352D40473C2539B7F2C0EA /* KeychainStore.swift */; };
		BEC88326F5DBDF83FA5FF6FC /* RemoteSummaryClient.swift in Sources */ = {isa = PBXBuildFile; fileRef = F9F5A9C7844AA83F4BB4D7E8 /* RemoteSummaryClient.swift */; };
		BF2AB05DA36C66DCE605F919 /* RemoteDocumentFormattingClient.swift in Sources */ = {isa = PBXBuildFile; fileRef = 8978BBE6143DEEC68875EE23 /* RemoteDocumentFormattingClient.swift */; };
		BF38E9A7E8EC2FB063193A7E /* RecordingCoordinatorTests.swift in Sources */ = {isa = PBXBuildFile; fileRef = 6BF84069868E6FF00D7C78F0 /* RecordingCoordinatorTests.swift */; };
		C3B09BC29801270215FBD2AF /* CMSampleBuffer+PCM.swift in Sources */ = {isa = PBXBuildFile; fileRef = 3658392DDF9C631A0B916C4E /* CMSampleBuffer+PCM.swift */; };
		C7F0338B3A57780C46C4DFCD /* TranscriptNormalizerTests.swift in Sources */ = {isa = PBXBuildFile; fileRef = F1D659C181F88F5611EF1BF6 /* TranscriptNormalizerTests.swift */; };
		D87F5D78C20BBF57A2161CCB /* RecordingCoordinator.swift in Sources */ = {isa = PBXBuildFile; fileRef = F68D2A9404DBC5ED97317F94 /* RecordingCoordinator.swift */; };
		DCD2158C735ED7766CA01840 /* AIConnectionDiagnostics.swift in Sources */ = {isa = PBXBuildFile; fileRef = 9FAC7E73C2D7E13E64248317 /* AIConnectionDiagnostics.swift */; };
		E2DC668D8D6C2E502C573894 /* RecordingDiagnosticsService.swift in Sources */ = {isa = PBXBuildFile; fileRef = 6847FE6AC4690A5E69C1BAA5 /* RecordingDiagnosticsService.swift */; };
		EA89DE3B694CACDD5F922933 /* MeetingRepository.swift in Sources */ = {isa = PBXBuildFile; fileRef = 3414A21EE29D4A0842B394D7 /* MeetingRepository.swift */; };
		EAD46B624F4D0338A03DE279 /* MeetingSession.swift in Sources */ = {isa = PBXBuildFile; fileRef = F1645D7750644E31AC42CE80 /* MeetingSession.swift */; };
		F24E0FF5F5C55AFB0595F0FA /* AudioMixing.swift in Sources */ = {isa = PBXBuildFile; fileRef = F92A9A0278C2BD399CDF3D45 /* AudioMixing.swift */; };
		F28D2466A9BE49244CBD974C /* PermissionManagerTests.swift in Sources */ = {isa = PBXBuildFile; fileRef = A1896B3DC7CC237CCCE252AB /* PermissionManagerTests.swift */; };
		F301FA4FB18159E633287650 /* TranscriptNormalizer.swift in Sources */ = {isa = PBXBuildFile; fileRef = 2BDDC8E32454C3E4FEF31A9B /* TranscriptNormalizer.swift */; };
		F34E8552BF80574C8E765F75 /* Security.framework in Frameworks */ = {isa = PBXBuildFile; fileRef = 039CE518AE920B0F8ACA4449 /* Security.framework */; };
		F66D49B4021076468CD45AD1 /* CoreGraphics.framework in Frameworks */ = {isa = PBXBuildFile; fileRef = 95DDCDF7FEF85AB3AD942C4F /* CoreGraphics.framework */; };
		F7D914A5C0A54B503B98B115 /* DependencyContainer.swift in Sources */ = {isa = PBXBuildFile; fileRef = 09D2C53B97E1DC013D1FAC63 /* DependencyContainer.swift */; };
		F9A448314DC02798A0F377C6 /* WAVChunkWriter.swift in Sources */ = {isa = PBXBuildFile; fileRef = C93CCB42138BC9F497F13B54 /* WAVChunkWriter.swift */; };
/* End PBXBuildFile section */

/* Begin PBXContainerItemProxy section */
		0E6F3345C8F943959C8DF05A /* PBXContainerItemProxy */ = {
			isa = PBXContainerItemProxy;
			containerPortal = CC828D8360D815ABCCD870FD /* Project object */;
			proxyType = 1;
			remoteGlobalIDString = C6C5879A323D233DF2827B68;
			remoteInfo = MinuteFlow;
		};
/* End PBXContainerItemProxy section */

/* Begin PBXFileReference section */
		006A4E8E1E9DA0DBA1AB5AFA /* AudioCaptureService.swift */ = {isa = PBXFileReference; lastKnownFileType = sourcecode.swift; path = AudioCaptureService.swift; sourceTree = "<group>"; };
		039CE518AE920B0F8ACA4449 /* Security.framework */ = {isa = PBXFileReference; lastKnownFileType = wrapper.framework; name = Security.framework; path = System/Library/Frameworks/Security.framework; sourceTree = SDKROOT; };
		08352D40473C2539B7F2C0EA /* KeychainStore.swift */ = {isa = PBXFileReference; lastKnownFileType = sourcecode.swift; path = KeychainStore.swift; sourceTree = "<group>"; };
		09D2C53B97E1DC013D1FAC63 /* DependencyContainer.swift */ = {isa = PBXFileReference; lastKnownFileType = sourcecode.swift; path = DependencyContainer.swift; sourceTree = "<group>"; };
		0B7D1449CC5ADC30CDF85E51 /* AudioFileWriter.swift */ = {isa = PBXFileReference; lastKnownFileType = sourcecode.swift; path = AudioFileWriter.swift; sourceTree = "<group>"; };
		0D040F518D56B4F4D68FC1A7 /* DurationFormatter.swift */ = {isa = PBXFileReference; lastKnownFileType = sourcecode.swift; path = DurationFormatter.swift; sourceTree = "<group>"; };
		12579BBD24BB5413A2D6A380 /* MicrophoneCaptureService.swift */ = {isa = PBXFileReference; lastKnownFileType = sourcecode.swift; path = MicrophoneCaptureService.swift; sourceTree = "<group>"; };
		16DC370783FB55F2E271BFA0 /* MainView.swift */ = {isa = PBXFileReference; lastKnownFileType = sourcecode.swift; path = MainView.swift; sourceTree = "<group>"; };
		19116655A93CAF5E84986C10 /* AudioCaptureServiceTests.swift */ = {isa = PBXFileReference; lastKnownFileType = sourcecode.swift; path = AudioCaptureServiceTests.swift; sourceTree = "<group>"; };
		19F1BB0D48836A87CEEF35BE /* MinuteFlow.entitlements */ = {isa = PBXFileReference; lastKnownFileType = text.plist.entitlements; path = MinuteFlow.entitlements; sourceTree = "<group>"; };
		26499786989D508BE332BBA3 /* CoreMedia.framework */ = {isa = PBXFileReference; lastKnownFileType = wrapper.framework; name = CoreMedia.framework; path = System/Library/Frameworks/CoreMedia.framework; sourceTree = SDKROOT; };
		2BDDC8E32454C3E4FEF31A9B /* TranscriptNormalizer.swift */ = {isa = PBXFileReference; lastKnownFileType = sourcecode.swift; path = TranscriptNormalizer.swift; sourceTree = "<group>"; };
		32E8D9392681CD3EF463E4E6 /* MinuteFlowApp.swift */ = {isa = PBXFileReference; lastKnownFileType = sourcecode.swift; path = MinuteFlowApp.swift; sourceTree = "<group>"; };
		3414A21EE29D4A0842B394D7 /* MeetingRepository.swift */ = {isa = PBXFileReference; lastKnownFileType = sourcecode.swift; path = MeetingRepository.swift; sourceTree = "<group>"; };
		3658392DDF9C631A0B916C4E /* CMSampleBuffer+PCM.swift */ = {isa = PBXFileReference; lastKnownFileType = sourcecode.swift; path = "CMSampleBuffer+PCM.swift"; sourceTree = "<group>"; };
		4D0454C174A442DB0A447F56 /* AppDelegate.swift */ = {isa = PBXFileReference; lastKnownFileType = sourcecode.swift; path = AppDelegate.swift; sourceTree = "<group>"; };
		4EB0ADD3168820859F0812C8 /* TestAudioFactory.swift */ = {isa = PBXFileReference; lastKnownFileType = sourcecode.swift; path = TestAudioFactory.swift; sourceTree = "<group>"; };
		50ED0007AD8075DDA865910D /* CredentialStoreTests.swift */ = {isa = PBXFileReference; lastKnownFileType = sourcecode.swift; path = CredentialStoreTests.swift; sourceTree = "<group>"; };
		5840EC14573C565E8B40CCED /* RealtimeTranscriptionServiceTests.swift */ = {isa = PBXFileReference; lastKnownFileType = sourcecode.swift; path = RealtimeTranscriptionServiceTests.swift; sourceTree = "<group>"; };
		658182D53FB832E9DCFB2EC6 /* AudioLevelMeter.swift */ = {isa = PBXFileReference; lastKnownFileType = sourcecode.swift; path = AudioLevelMeter.swift; sourceTree = "<group>"; };
		6847FE6AC4690A5E69C1BAA5 /* RecordingDiagnosticsService.swift */ = {isa = PBXFileReference; lastKnownFileType = sourcecode.swift; path = RecordingDiagnosticsService.swift; sourceTree = "<group>"; };
		69376D9CDD41D6C0844249DD /* RemoteRealtimeTranscriptionService.swift */ = {isa = PBXFileReference; lastKnownFileType = sourcecode.swift; path = RemoteRealtimeTranscriptionService.swift; sourceTree = "<group>"; };
		6BF84069868E6FF00D7C78F0 /* RecordingCoordinatorTests.swift */ = {isa = PBXFileReference; lastKnownFileType = sourcecode.swift; path = RecordingCoordinatorTests.swift; sourceTree = "<group>"; };
		754A62A2B532D15A6A79FD73 /* PermissionManager.swift */ = {isa = PBXFileReference; lastKnownFileType = sourcecode.swift; path = PermissionManager.swift; sourceTree = "<group>"; };
		7554B30F223CC66A39FAF94C /* TranscriptSegment.swift */ = {isa = PBXFileReference; lastKnownFileType = sourcecode.swift; path = TranscriptSegment.swift; sourceTree = "<group>"; };
		756020D59429A366922B8E35 /* AudioSourceSelection.swift */ = {isa = PBXFileReference; lastKnownFileType = sourcecode.swift; path = AudioSourceSelection.swift; sourceTree = "<group>"; };
		7833BBC71FC56AC7787B06E4 /* Info.plist */ = {isa = PBXFileReference; lastKnownFileType = text.plist; path = Info.plist; sourceTree = "<group>"; };
		7B7AF7F8F060D26B36DFE464 /* MenuBarContent.swift */ = {isa = PBXFileReference; lastKnownFileType = sourcecode.swift; path = MenuBarContent.swift; sourceTree = "<group>"; };
		7E4DD7C7BC771AEEB71CA116 /* SettingsView.swift */ = {isa = PBXFileReference; lastKnownFileType = sourcecode.swift; path = SettingsView.swift; sourceTree = "<group>"; };
		8787AC04CCE1FB151543EB47 /* RemoteSummaryClientTests.swift */ = {isa = PBXFileReference; lastKnownFileType = sourcecode.swift; path = RemoteSummaryClientTests.swift; sourceTree = "<group>"; };
		8978BBE6143DEEC68875EE23 /* RemoteDocumentFormattingClient.swift */ = {isa = PBXFileReference; lastKnownFileType = sourcecode.swift; path = RemoteDocumentFormattingClient.swift; sourceTree = "<group>"; };
		8E469961A36BD2790CF0DB7B /* ModelSettingsStoreTests.swift */ = {isa = PBXFileReference; lastKnownFileType = sourcecode.swift; path = ModelSettingsStoreTests.swift; sourceTree = "<group>"; };
		8F85D6D90AD7045514CE4346 /* RemoteASRClientTests.swift */ = {isa = PBXFileReference; lastKnownFileType = sourcecode.swift; path = RemoteASRClientTests.swift; sourceTree = "<group>"; };
		939088793935E18624ADE1D9 /* RemoteASRClient.swift */ = {isa = PBXFileReference; lastKnownFileType = sourcecode.swift; path = RemoteASRClient.swift; sourceTree = "<group>"; };
		95DDCDF7FEF85AB3AD942C4F /* CoreGraphics.framework */ = {isa = PBXFileReference; lastKnownFileType = wrapper.framework; name = CoreGraphics.framework; path = System/Library/Frameworks/CoreGraphics.framework; sourceTree = SDKROOT; };
		9D94C1303E5571332B104BDC /* AudioLevelView.swift */ = {isa = PBXFileReference; lastKnownFileType = sourcecode.swift; path = AudioLevelView.swift; sourceTree = "<group>"; };
		9FAC7E73C2D7E13E64248317 /* AIConnectionDiagnostics.swift */ = {isa = PBXFileReference; lastKnownFileType = sourcecode.swift; path = AIConnectionDiagnostics.swift; sourceTree = "<group>"; };
		A1896B3DC7CC237CCCE252AB /* PermissionManagerTests.swift */ = {isa = PBXFileReference; lastKnownFileType = sourcecode.swift; path = PermissionManagerTests.swift; sourceTree = "<group>"; };
		A39BA96E1A0C9C2A2D10A6F5 /* SystemAudioCaptureService.swift */ = {isa = PBXFileReference; lastKnownFileType = sourcecode.swift; path = SystemAudioCaptureService.swift; sourceTree = "<group>"; };
		ADDC892940A918DCEC413C9D /* RecordingStatus.swift */ = {isa = PBXFileReference; lastKnownFileType = sourcecode.swift; path = RecordingStatus.swift; sourceTree = "<group>"; };
		C131D791C14BA1EE612AAAB3 /* ModelSettingsStore.swift */ = {isa = PBXFileReference; lastKnownFileType = sourcecode.swift; path = ModelSettingsStore.swift; sourceTree = "<group>"; };
		C93CCB42138BC9F497F13B54 /* WAVChunkWriter.swift */ = {isa = PBXFileReference; lastKnownFileType = sourcecode.swift; path = WAVChunkWriter.swift; sourceTree = "<group>"; };
		CA62E798CE8634FC099CB9AF /* AVFoundation.framework */ = {isa = PBXFileReference; lastKnownFileType = wrapper.framework; name = AVFoundation.framework; path = System/Library/Frameworks/AVFoundation.framework; sourceTree = SDKROOT; };
		CB8FE80196FF8F6FF1370CFE /* AppIcon.icns */ = {isa = PBXFileReference; lastKnownFileType = image.icns; path = AppIcon.icns; sourceTree = "<group>"; };
		D66172872C75836D13615123 /* MeetingRepositoryTests.swift */ = {isa = PBXFileReference; lastKnownFileType = sourcecode.swift; path = MeetingRepositoryTests.swift; sourceTree = "<group>"; };
		D787FED07AE94ECE391B3237 /* RecordingTimelineBuilder.swift */ = {isa = PBXFileReference; lastKnownFileType = sourcecode.swift; path = RecordingTimelineBuilder.swift; sourceTree = "<group>"; };
		D81EDDA49E591C5C0D601998 /* CredentialStore.swift */ = {isa = PBXFileReference; lastKnownFileType = sourcecode.swift; path = CredentialStore.swift; sourceTree = "<group>"; };
		D8E057D6B00140F30551C8B5 /* RemoteDocumentFormattingClientTests.swift */ = {isa = PBXFileReference; lastKnownFileType = sourcecode.swift; path = RemoteDocumentFormattingClientTests.swift; sourceTree = "<group>"; };
		DA301D89A785B5ABB9A4D564 /* MinuteFlow.app */ = {isa = PBXFileReference; explicitFileType = wrapper.application; includeInIndex = 0; path = MinuteFlow.app; sourceTree = BUILT_PRODUCTS_DIR; };
		DEC79055EBBB6D7CABF2127A /* ScreenCaptureKit.framework */ = {isa = PBXFileReference; lastKnownFileType = wrapper.framework; name = ScreenCaptureKit.framework; path = System/Library/Frameworks/ScreenCaptureKit.framework; sourceTree = SDKROOT; };
		DF9DBC2736B52584ED5FE033 /* APIRequestAuthentication.swift */ = {isa = PBXFileReference; lastKnownFileType = sourcecode.swift; path = APIRequestAuthentication.swift; sourceTree = "<group>"; };
		E0D1ED571156910A401753D8 /* AudioMixingTests.swift */ = {isa = PBXFileReference; lastKnownFileType = sourcecode.swift; path = AudioMixingTests.swift; sourceTree = "<group>"; };
		E68F3930FF6EC73482437F1C /* SystemAudioFailure.swift */ = {isa = PBXFileReference; lastKnownFileType = sourcecode.swift; path = SystemAudioFailure.swift; sourceTree = "<group>"; };
		F0EAE5AAAE6604C8E9C6F2C3 /* MinuteFlowTests.xctest */ = {isa = PBXFileReference; explicitFileType = wrapper.cfbundle; includeInIndex = 0; path = MinuteFlowTests.xctest; sourceTree = BUILT_PRODUCTS_DIR; };
		F1645D7750644E31AC42CE80 /* MeetingSession.swift */ = {isa = PBXFileReference; lastKnownFileType = sourcecode.swift; path = MeetingSession.swift; sourceTree = "<group>"; };
		F1D659C181F88F5611EF1BF6 /* TranscriptNormalizerTests.swift */ = {isa = PBXFileReference; lastKnownFileType = sourcecode.swift; path = TranscriptNormalizerTests.swift; sourceTree = "<group>"; };
		F68D2A9404DBC5ED97317F94 /* RecordingCoordinator.swift */ = {isa = PBXFileReference; lastKnownFileType = sourcecode.swift; path = RecordingCoordinator.swift; sourceTree = "<group>"; };
		F92A9A0278C2BD399CDF3D45 /* AudioMixing.swift */ = {isa = PBXFileReference; lastKnownFileType = sourcecode.swift; path = AudioMixing.swift; sourceTree = "<group>"; };
		F9F5A9C7844AA83F4BB4D7E8 /* RemoteSummaryClient.swift */ = {isa = PBXFileReference; lastKnownFileType = sourcecode.swift; path = RemoteSummaryClient.swift; sourceTree = "<group>"; };
		FE91EDAAC2992C25061E84D4 /* APIRequestAuthenticationTests.swift */ = {isa = PBXFileReference; lastKnownFileType = sourcecode.swift; path = APIRequestAuthenticationTests.swift; sourceTree = "<group>"; };
/* End PBXFileReference section */

/* Begin PBXFrameworksBuildPhase section */
		A6BB37B7D64A8EB954D5D01D /* Frameworks */ = {
			isa = PBXFrameworksBuildPhase;
			buildActionMask = 2147483647;
			files = (
				A98C7C49895FD5F8831CE3B5 /* AVFoundation.framework in Frameworks */,
				9046223D545C51822BC72ACB /* ScreenCaptureKit.framework in Frameworks */,
				24C77417E31F70F5C35DE34B /* CoreMedia.framework in Frameworks */,
				F66D49B4021076468CD45AD1 /* CoreGraphics.framework in Frameworks */,
				F34E8552BF80574C8E765F75 /* Security.framework in Frameworks */,
			);
			runOnlyForDeploymentPostprocessing = 0;
		};
/* End PBXFrameworksBuildPhase section */

/* Begin PBXGroup section */
		00492BD28B2C2723979A2ED6 /* Settings */ = {
			isa = PBXGroup;
			children = (
				7E4DD7C7BC771AEEB71CA116 /* SettingsView.swift */,
			);
			path = Settings;
			sourceTree = "<group>";
		};
		2098B70E5006208A4C009D5C /* Recording */ = {
			isa = PBXGroup;
			children = (
				F68D2A9404DBC5ED97317F94 /* RecordingCoordinator.swift */,
				D787FED07AE94ECE391B3237 /* RecordingTimelineBuilder.swift */,
			);
			path = Recording;
			sourceTree = "<group>";
		};
		245414C57D4FB32E19650A14 /* MinuteFlow */ = {
			isa = PBXGroup;
			children = (
				EC404FEF0C74E52872499634 /* App */,
				3204D51D4023DA5F13449128 /* Core */,
				6B3B9F7962C4B4034C56DE52 /* Features */,
				D0203753A70BE59B7240C938 /* Models */,
				BECE8C8DDE5F98496EB85B23 /* Resources */,
				DE6330BFE68FF36C759AB3F0 /* Shared */,
				CCB87E437A52EAE097140B35 /* Supporting */,
			);
			path = MinuteFlow;
			sourceTree = "<group>";
		};
		277EC695D3A96AB8898E37F9 /* Summary */ = {
			isa = PBXGroup;
			children = (
				8978BBE6143DEEC68875EE23 /* RemoteDocumentFormattingClient.swift */,
				F9F5A9C7844AA83F4BB4D7E8 /* RemoteSummaryClient.swift */,
			);
			path = Summary;
			sourceTree = "<group>";
		};
		3204D51D4023DA5F13449128 /* Core */ = {
			isa = PBXGroup;
			children = (
				3C8346BD58AC4424CD9CDB61 /* Audio */,
				507871EA2A1E2F6945F3D2E3 /* Diagnostics */,
				875D4EC5AD185E01756C3000 /* Permissions */,
				2098B70E5006208A4C009D5C /* Recording */,
				8C7CC1E3A483E8809E978EA5 /* Security */,
				EF4F4A5DEB385A4CEF52BCD5 /* Storage */,
				277EC695D3A96AB8898E37F9 /* Summary */,
				447B619F99591E95BA20AC70 /* Transcription */,
			);
			path = Core;
			sourceTree = "<group>";
		};
		33D418B55D2A17B759B22A92 /* Frameworks */ = {
			isa = PBXGroup;
			children = (
				CA62E798CE8634FC099CB9AF /* AVFoundation.framework */,
				95DDCDF7FEF85AB3AD942C4F /* CoreGraphics.framework */,
				26499786989D508BE332BBA3 /* CoreMedia.framework */,
				DEC79055EBBB6D7CABF2127A /* ScreenCaptureKit.framework */,
				039CE518AE920B0F8ACA4449 /* Security.framework */,
			);
			name = Frameworks;
			sourceTree = "<group>";
		};
		3752C9BCCABA4545F038F9AF /* Recording */ = {
			isa = PBXGroup;
			children = (
				9D94C1303E5571332B104BDC /* AudioLevelView.swift */,
				16DC370783FB55F2E271BFA0 /* MainView.swift */,
				7B7AF7F8F060D26B36DFE464 /* MenuBarContent.swift */,
			);
			path = Recording;
			sourceTree = "<group>";
		};
		3C8346BD58AC4424CD9CDB61 /* Audio */ = {
			isa = PBXGroup;
			children = (
				006A4E8E1E9DA0DBA1AB5AFA /* AudioCaptureService.swift */,
				0B7D1449CC5ADC30CDF85E51 /* AudioFileWriter.swift */,
				658182D53FB832E9DCFB2EC6 /* AudioLevelMeter.swift */,
				F92A9A0278C2BD399CDF3D45 /* AudioMixing.swift */,
				3658392DDF9C631A0B916C4E /* CMSampleBuffer+PCM.swift */,
				12579BBD24BB5413A2D6A380 /* MicrophoneCaptureService.swift */,
				A39BA96E1A0C9C2A2D10A6F5 /* SystemAudioCaptureService.swift */,
				E68F3930FF6EC73482437F1C /* SystemAudioFailure.swift */,
			);
			path = Audio;
			sourceTree = "<group>";
		};
		447B619F99591E95BA20AC70 /* Transcription */ = {
			isa = PBXGroup;
			children = (
				C131D791C14BA1EE612AAAB3 /* ModelSettingsStore.swift */,
				939088793935E18624ADE1D9 /* RemoteASRClient.swift */,
				69376D9CDD41D6C0844249DD /* RemoteRealtimeTranscriptionService.swift */,
				2BDDC8E32454C3E4FEF31A9B /* TranscriptNormalizer.swift */,
				C93CCB42138BC9F497F13B54 /* WAVChunkWriter.swift */,
			);
			path = Transcription;
			sourceTree = "<group>";
		};
		507871EA2A1E2F6945F3D2E3 /* Diagnostics */ = {
			isa = PBXGroup;
			children = (
				9FAC7E73C2D7E13E64248317 /* AIConnectionDiagnostics.swift */,
				6847FE6AC4690A5E69C1BAA5 /* RecordingDiagnosticsService.swift */,
				4EB0ADD3168820859F0812C8 /* TestAudioFactory.swift */,
			);
			path = Diagnostics;
			sourceTree = "<group>";
		};
		5A5E30876EF56D4B880D1843 /* Products */ = {
			isa = PBXGroup;
			children = (
				DA301D89A785B5ABB9A4D564 /* MinuteFlow.app */,
				F0EAE5AAAE6604C8E9C6F2C3 /* MinuteFlowTests.xctest */,
			);
			name = Products;
			sourceTree = "<group>";
		};
		6B3B9F7962C4B4034C56DE52 /* Features */ = {
			isa = PBXGroup;
			children = (
				3752C9BCCABA4545F038F9AF /* Recording */,
				00492BD28B2C2723979A2ED6 /* Settings */,
			);
			path = Features;
			sourceTree = "<group>";
		};
		875D4EC5AD185E01756C3000 /* Permissions */ = {
			isa = PBXGroup;
			children = (
				754A62A2B532D15A6A79FD73 /* PermissionManager.swift */,
			);
			path = Permissions;
			sourceTree = "<group>";
		};
		8C7CC1E3A483E8809E978EA5 /* Security */ = {
			isa = PBXGroup;
			children = (
				DF9DBC2736B52584ED5FE033 /* APIRequestAuthentication.swift */,
				D81EDDA49E591C5C0D601998 /* CredentialStore.swift */,
				08352D40473C2539B7F2C0EA /* KeychainStore.swift */,
			);
			path = Security;
			sourceTree = "<group>";
		};
		BECE8C8DDE5F98496EB85B23 /* Resources */ = {
			isa = PBXGroup;
			children = (
				CB8FE80196FF8F6FF1370CFE /* AppIcon.icns */,
			);
			path = Resources;
			sourceTree = "<group>";
		};
		CCB87E437A52EAE097140B35 /* Supporting */ = {
			isa = PBXGroup;
			children = (
				7833BBC71FC56AC7787B06E4 /* Info.plist */,
				19F1BB0D48836A87CEEF35BE /* MinuteFlow.entitlements */,
			);
			path = Supporting;
			sourceTree = "<group>";
		};
		D0203753A70BE59B7240C938 /* Models */ = {
			isa = PBXGroup;
			children = (
				756020D59429A366922B8E35 /* AudioSourceSelection.swift */,
				F1645D7750644E31AC42CE80 /* MeetingSession.swift */,
				ADDC892940A918DCEC413C9D /* RecordingStatus.swift */,
				7554B30F223CC66A39FAF94C /* TranscriptSegment.swift */,
			);
			path = Models;
			sourceTree = "<group>";
		};
		D5E4105E91622BDFDCFFF307 = {
			isa = PBXGroup;
			children = (
				245414C57D4FB32E19650A14 /* MinuteFlow */,
				F7FC884F41D2DA83B97E5CE3 /* MinuteFlowTests */,
				33D418B55D2A17B759B22A92 /* Frameworks */,
				5A5E30876EF56D4B880D1843 /* Products */,
			);
			sourceTree = "<group>";
		};
		DE6330BFE68FF36C759AB3F0 /* Shared */ = {
			isa = PBXGroup;
			children = (
				0D040F518D56B4F4D68FC1A7 /* DurationFormatter.swift */,
			);
			path = Shared;
			sourceTree = "<group>";
		};
		EC404FEF0C74E52872499634 /* App */ = {
			isa = PBXGroup;
			children = (
				4D0454C174A442DB0A447F56 /* AppDelegate.swift */,
				09D2C53B97E1DC013D1FAC63 /* DependencyContainer.swift */,
				32E8D9392681CD3EF463E4E6 /* MinuteFlowApp.swift */,
			);
			path = App;
			sourceTree = "<group>";
		};
		EF4F4A5DEB385A4CEF52BCD5 /* Storage */ = {
			isa = PBXGroup;
			children = (
				3414A21EE29D4A0842B394D7 /* MeetingRepository.swift */,
			);
			path = Storage;
			sourceTree = "<group>";
		};
		F7FC884F41D2DA83B97E5CE3 /* MinuteFlowTests */ = {
			isa = PBXGroup;
			children = (
				FE91EDAAC2992C25061E84D4 /* APIRequestAuthenticationTests.swift */,
				19116655A93CAF5E84986C10 /* AudioCaptureServiceTests.swift */,
				E0D1ED571156910A401753D8 /* AudioMixingTests.swift */,
				50ED0007AD8075DDA865910D /* CredentialStoreTests.swift */,
				D66172872C75836D13615123 /* MeetingRepositoryTests.swift */,
				8E469961A36BD2790CF0DB7B /* ModelSettingsStoreTests.swift */,
				A1896B3DC7CC237CCCE252AB /* PermissionManagerTests.swift */,
				5840EC14573C565E8B40CCED /* RealtimeTranscriptionServiceTests.swift */,
				6BF84069868E6FF00D7C78F0 /* RecordingCoordinatorTests.swift */,
				8F85D6D90AD7045514CE4346 /* RemoteASRClientTests.swift */,
				D8E057D6B00140F30551C8B5 /* RemoteDocumentFormattingClientTests.swift */,
				8787AC04CCE1FB151543EB47 /* RemoteSummaryClientTests.swift */,
				F1D659C181F88F5611EF1BF6 /* TranscriptNormalizerTests.swift */,
			);
			path = MinuteFlowTests;
			sourceTree = "<group>";
		};
/* End PBXGroup section */

/* Begin PBXNativeTarget section */
		A26187BB0A9F2DCC0E363D9F /* MinuteFlowTests */ = {
			isa = PBXNativeTarget;
			buildConfigurationList = 53D0970240EA97C1FB890A72 /* Build configuration list for PBXNativeTarget "MinuteFlowTests" */;
			buildPhases = (
				AB5D7D3A3A85AE32B397333D /* Sources */,
			);
			buildRules = (
			);
			dependencies = (
				E90AF35120D1497F86ED5407 /* PBXTargetDependency */,
			);
			name = MinuteFlowTests;
			packageProductDependencies = (
			);
			productName = MinuteFlowTests;
			productReference = F0EAE5AAAE6604C8E9C6F2C3 /* MinuteFlowTests.xctest */;
			productType = "com.apple.product-type.bundle.unit-test";
		};
		C6C5879A323D233DF2827B68 /* MinuteFlow */ = {
			isa = PBXNativeTarget;
			buildConfigurationList = 8526CA0BF628619F4AC46C53 /* Build configuration list for PBXNativeTarget "MinuteFlow" */;
			buildPhases = (
				B264DE8B216D357052E5AA12 /* Sources */,
				EF42B3A6812537C55379BDB3 /* Resources */,
				A6BB37B7D64A8EB954D5D01D /* Frameworks */,
			);
			buildRules = (
			);
			dependencies = (
			);
			name = MinuteFlow;
			packageProductDependencies = (
			);
			productName = MinuteFlow;
			productReference = DA301D89A785B5ABB9A4D564 /* MinuteFlow.app */;
			productType = "com.apple.product-type.application";
		};
/* End PBXNativeTarget section */

/* Begin PBXProject section */
		CC828D8360D815ABCCD870FD /* Project object */ = {
			isa = PBXProject;
			attributes = {
				BuildIndependentTargetsInParallel = YES;
				LastUpgradeCheck = 1430;
				TargetAttributes = {
					A26187BB0A9F2DCC0E363D9F = {
						ProvisioningStyle = Automatic;
					};
					C6C5879A323D233DF2827B68 = {
						ProvisioningStyle = Automatic;
					};
				};
			};
			buildConfigurationList = 4DA73E6C1841CA571293C590 /* Build configuration list for PBXProject "MinuteFlow" */;
			developmentRegion = en;
			hasScannedForEncodings = 0;
			knownRegions = (
				Base,
				en,
			);
			mainGroup = D5E4105E91622BDFDCFFF307;
			minimizedProjectReferenceProxies = 1;
			preferredProjectObjectVersion = 77;
			productRefGroup = 5A5E30876EF56D4B880D1843 /* Products */;
			projectDirPath = "";
			projectRoot = "";
			targets = (
				C6C5879A323D233DF2827B68 /* MinuteFlow */,
				A26187BB0A9F2DCC0E363D9F /* MinuteFlowTests */,
			);
		};
/* End PBXProject section */

/* Begin PBXResourcesBuildPhase section */
		EF42B3A6812537C55379BDB3 /* Resources */ = {
			isa = PBXResourcesBuildPhase;
			buildActionMask = 2147483647;
			files = (
				65C93977F13707F79C1B3E78 /* AppIcon.icns in Resources */,
			);
			runOnlyForDeploymentPostprocessing = 0;
		};
/* End PBXResourcesBuildPhase section */

/* Begin PBXSourcesBuildPhase section */
		AB5D7D3A3A85AE32B397333D /* Sources */ = {
			isa = PBXSourcesBuildPhase;
			buildActionMask = 2147483647;
			files = (
				76D90379F6B295939CC5732C /* APIRequestAuthenticationTests.swift in Sources */,
				7BBEA2AA4648A7C61FB51217 /* AudioCaptureServiceTests.swift in Sources */,
				A826A6373058B19C2AFDE743 /* AudioMixingTests.swift in Sources */,
				3BA2CB03D537CA1DFED99E22 /* CredentialStoreTests.swift in Sources */,
				34D2E40AC7F3F287F0E41694 /* MeetingRepositoryTests.swift in Sources */,
				5856A5027DAC2D55FF9712FB /* ModelSettingsStoreTests.swift in Sources */,
				F28D2466A9BE49244CBD974C /* PermissionManagerTests.swift in Sources */,
				2873664D297A9F09267F87B1 /* RealtimeTranscriptionServiceTests.swift in Sources */,
				BF38E9A7E8EC2FB063193A7E /* RecordingCoordinatorTests.swift in Sources */,
				6885D81AE3431F28461C1DCF /* RemoteASRClientTests.swift in Sources */,
				A6819E30AB888D5D5D307C1F /* RemoteDocumentFormattingClientTests.swift in Sources */,
				6367C8292E64962CCCF0F23C /* RemoteSummaryClientTests.swift in Sources */,
				C7F0338B3A57780C46C4DFCD /* TranscriptNormalizerTests.swift in Sources */,
			);
			runOnlyForDeploymentPostprocessing = 0;
		};
		B264DE8B216D357052E5AA12 /* Sources */ = {
			isa = PBXSourcesBuildPhase;
			buildActionMask = 2147483647;
			files = (
				DCD2158C735ED7766CA01840 /* AIConnectionDiagnostics.swift in Sources */,
				29B0FF5BA35EE9C770049528 /* APIRequestAuthentication.swift in Sources */,
				861B2B840D437872902F482D /* AppDelegate.swift in Sources */,
				3C1413D19E85FA63BB5BA82F /* AudioCaptureService.swift in Sources */,
				18AAF07739378CCDFCEBA7B7 /* AudioFileWriter.swift in Sources */,
				43C5FB0447DE665606E06ACA /* AudioLevelMeter.swift in Sources */,
				0380A25D9C167845BE886F9F /* AudioLevelView.swift in Sources */,
				F24E0FF5F5C55AFB0595F0FA /* AudioMixing.swift in Sources */,
				8EA9EF3238B5F252D54EE08E /* AudioSourceSelection.swift in Sources */,
				C3B09BC29801270215FBD2AF /* CMSampleBuffer+PCM.swift in Sources */,
				04E52748A1033241C5929555 /* CredentialStore.swift in Sources */,
				F7D914A5C0A54B503B98B115 /* DependencyContainer.swift in Sources */,
				2458BB35D315BC682FCC9714 /* DurationFormatter.swift in Sources */,
				B7BB4EBA17A669583590AD67 /* KeychainStore.swift in Sources */,
				18D9388BE0011D0F9FB59E9E /* MainView.swift in Sources */,
				EA89DE3B694CACDD5F922933 /* MeetingRepository.swift in Sources */,
				EAD46B624F4D0338A03DE279 /* MeetingSession.swift in Sources */,
				0429D757A3553A3223EF81BB /* MenuBarContent.swift in Sources */,
				96EE53D26D52CE6B298D09BB /* MicrophoneCaptureService.swift in Sources */,
				47F6EDFECAFA7053BA51CB20 /* MinuteFlowApp.swift in Sources */,
				7CD716AA06A33039F9DE4647 /* ModelSettingsStore.swift in Sources */,
				430C0ADD4266C740E7B0605D /* PermissionManager.swift in Sources */,
				D87F5D78C20BBF57A2161CCB /* RecordingCoordinator.swift in Sources */,
				E2DC668D8D6C2E502C573894 /* RecordingDiagnosticsService.swift in Sources */,
				1DB2F8C83A7952AB0A1D5193 /* RecordingStatus.swift in Sources */,
				33F30B7C75A133DE38EF5FF5 /* RecordingTimelineBuilder.swift in Sources */,
				B0936F5BD73F856BB434C122 /* RemoteASRClient.swift in Sources */,
				BF2AB05DA36C66DCE605F919 /* RemoteDocumentFormattingClient.swift in Sources */,
				916E58A49373B47CD776D659 /* RemoteRealtimeTranscriptionService.swift in Sources */,
				BEC88326F5DBDF83FA5FF6FC /* RemoteSummaryClient.swift in Sources */,
				0D07ABC59B16E736390BFDBA /* SettingsView.swift in Sources */,
				B3E62D1F9C91376F635D5AA5 /* SystemAudioCaptureService.swift in Sources */,
				2CED6B5FF29D12CDF9DB53AD /* SystemAudioFailure.swift in Sources */,
				75D1FC6BD569F7A8E480B5B2 /* TestAudioFactory.swift in Sources */,
				F301FA4FB18159E633287650 /* TranscriptNormalizer.swift in Sources */,
				405466813290B9BECE89C9C7 /* TranscriptSegment.swift in Sources */,
				F9A448314DC02798A0F377C6 /* WAVChunkWriter.swift in Sources */,
			);
			runOnlyForDeploymentPostprocessing = 0;
		};
/* End PBXSourcesBuildPhase section */

/* Begin PBXTargetDependency section */
		E90AF35120D1497F86ED5407 /* PBXTargetDependency */ = {
			isa = PBXTargetDependency;
			target = C6C5879A323D233DF2827B68 /* MinuteFlow */;
			targetProxy = 0E6F3345C8F943959C8DF05A /* PBXContainerItemProxy */;
		};
/* End PBXTargetDependency section */

/* Begin XCBuildConfiguration section */
		01FF842BC75347DAE3E615D4 /* Debug */ = {
			isa = XCBuildConfiguration;
			buildSettings = {
				ASSETCATALOG_COMPILER_APPICON_NAME = AppIcon;
				CODE_SIGN_ENTITLEMENTS = MinuteFlow/Supporting/MinuteFlow.entitlements;
				COMBINE_HIDPI_IMAGES = YES;
				INFOPLIST_FILE = MinuteFlow/Supporting/Info.plist;
				LD_RUNPATH_SEARCH_PATHS = (
					"$(inherited)",
					"@executable_path/../Frameworks",
				);
				PRODUCT_BUNDLE_IDENTIFIER = com.minuteflow.app;
				PRODUCT_NAME = MinuteFlow;
				SDKROOT = macosx;
			};
			name = Debug;
		};
		3DFD91CBB6AC3838890BCE1F /* Release */ = {
			isa = XCBuildConfiguration;
			buildSettings = {
				BUNDLE_LOADER = "$(TEST_HOST)";
				COMBINE_HIDPI_IMAGES = YES;
				LD_RUNPATH_SEARCH_PATHS = (
					"$(inherited)",
					"@executable_path/../Frameworks",
					"@loader_path/../Frameworks",
				);
				PRODUCT_BUNDLE_IDENTIFIER = com.minuteflow.tests;
				SDKROOT = macosx;
				TEST_HOST = "$(BUILT_PRODUCTS_DIR)/MinuteFlow.app/Contents/MacOS/MinuteFlow";
			};
			name = Release;
		};
		5918CB9949962442847320C3 /* Debug */ = {
			isa = XCBuildConfiguration;
			buildSettings = {
				BUNDLE_LOADER = "$(TEST_HOST)";
				COMBINE_HIDPI_IMAGES = YES;
				LD_RUNPATH_SEARCH_PATHS = (
					"$(inherited)",
					"@executable_path/../Frameworks",
					"@loader_path/../Frameworks",
				);
				PRODUCT_BUNDLE_IDENTIFIER = com.minuteflow.tests;
				SDKROOT = macosx;
				TEST_HOST = "$(BUILT_PRODUCTS_DIR)/MinuteFlow.app/Contents/MacOS/MinuteFlow";
			};
			name = Debug;
		};
		795BAF207C2B589C8CD22749 /* Release */ = {
			isa = XCBuildConfiguration;
			buildSettings = {
				ALWAYS_SEARCH_USER_PATHS = NO;
				CLANG_ANALYZER_NONNULL = YES;
				CLANG_ANALYZER_NUMBER_OBJECT_CONVERSION = YES_AGGRESSIVE;
				CLANG_CXX_LANGUAGE_STANDARD = "gnu++14";
				CLANG_CXX_LIBRARY = "libc++";
				CLANG_ENABLE_MODULES = YES;
				CLANG_ENABLE_OBJC_ARC = YES;
				CLANG_ENABLE_OBJC_WEAK = YES;
				CLANG_WARN_BLOCK_CAPTURE_AUTORELEASING = YES;
				CLANG_WARN_BOOL_CONVERSION = YES;
				CLANG_WARN_COMMA = YES;
				CLANG_WARN_CONSTANT_CONVERSION = YES;
				CLANG_WARN_DEPRECATED_OBJC_IMPLEMENTATIONS = YES;
				CLANG_WARN_DIRECT_OBJC_ISA_USAGE = YES_ERROR;
				CLANG_WARN_DOCUMENTATION_COMMENTS = YES;
				CLANG_WARN_EMPTY_BODY = YES;
				CLANG_WARN_ENUM_CONVERSION = YES;
				CLANG_WARN_INFINITE_RECURSION = YES;
				CLANG_WARN_INT_CONVERSION = YES;
				CLANG_WARN_NON_LITERAL_NULL_CONVERSION = YES;
				CLANG_WARN_OBJC_IMPLICIT_RETAIN_SELF = YES;
				CLANG_WARN_OBJC_LITERAL_CONVERSION = YES;
				CLANG_WARN_OBJC_ROOT_CLASS = YES_ERROR;
				CLANG_WARN_QUOTED_INCLUDE_IN_FRAMEWORK_HEADER = YES;
				CLANG_WARN_RANGE_LOOP_ANALYSIS = YES;
				CLANG_WARN_STRICT_PROTOTYPES = YES;
				CLANG_WARN_SUSPICIOUS_MOVE = YES;
				CLANG_WARN_UNGUARDED_AVAILABILITY = YES_AGGRESSIVE;
				CLANG_WARN_UNREACHABLE_CODE = YES;
				CLANG_WARN__DUPLICATE_METHOD_MATCH = YES;
				CODE_SIGN_STYLE = Automatic;
				COPY_PHASE_STRIP = NO;
				CURRENT_PROJECT_VERSION = 8;
				DEBUG_INFORMATION_FORMAT = "dwarf-with-dsym";
				ENABLE_HARDENED_RUNTIME = YES;
				ENABLE_NS_ASSERTIONS = NO;
				ENABLE_STRICT_OBJC_MSGSEND = YES;
				GCC_C_LANGUAGE_STANDARD = gnu11;
				GCC_NO_COMMON_BLOCKS = YES;
				GCC_WARN_64_TO_32_BIT_CONVERSION = YES;
				GCC_WARN_ABOUT_RETURN_TYPE = YES_ERROR;
				GCC_WARN_UNDECLARED_SELECTOR = YES;
				GCC_WARN_UNINITIALIZED_AUTOS = YES_AGGRESSIVE;
				GCC_WARN_UNUSED_FUNCTION = YES;
				GCC_WARN_UNUSED_VARIABLE = YES;
				GENERATE_INFOPLIST_FILE = NO;
				MACOSX_DEPLOYMENT_TARGET = 14.0;
				MARKETING_VERSION = 0.8.0;
				MTL_ENABLE_DEBUG_INFO = NO;
				MTL_FAST_MATH = YES;
				PRODUCT_NAME = "$(TARGET_NAME)";
				SDKROOT = macosx;
				SWIFT_COMPILATION_MODE = wholemodule;
				SWIFT_OPTIMIZATION_LEVEL = "-O";
				SWIFT_VERSION = 6.0;
			};
			name = Release;
		};
		B81EBC34CB9AFEA8A411FAD5 /* Debug */ = {
			isa = XCBuildConfiguration;
			buildSettings = {
				ALWAYS_SEARCH_USER_PATHS = NO;
				CLANG_ANALYZER_NONNULL = YES;
				CLANG_ANALYZER_NUMBER_OBJECT_CONVERSION = YES_AGGRESSIVE;
				CLANG_CXX_LANGUAGE_STANDARD = "gnu++14";
				CLANG_CXX_LIBRARY = "libc++";
				CLANG_ENABLE_MODULES = YES;
				CLANG_ENABLE_OBJC_ARC = YES;
				CLANG_ENABLE_OBJC_WEAK = YES;
				CLANG_WARN_BLOCK_CAPTURE_AUTORELEASING = YES;
				CLANG_WARN_BOOL_CONVERSION = YES;
				CLANG_WARN_COMMA = YES;
				CLANG_WARN_CONSTANT_CONVERSION = YES;
				CLANG_WARN_DEPRECATED_OBJC_IMPLEMENTATIONS = YES;
				CLANG_WARN_DIRECT_OBJC_ISA_USAGE = YES_ERROR;
				CLANG_WARN_DOCUMENTATION_COMMENTS = YES;
				CLANG_WARN_EMPTY_BODY = YES;
				CLANG_WARN_ENUM_CONVERSION = YES;
				CLANG_WARN_INFINITE_RECURSION = YES;
				CLANG_WARN_INT_CONVERSION = YES;
				CLANG_WARN_NON_LITERAL_NULL_CONVERSION = YES;
				CLANG_WARN_OBJC_IMPLICIT_RETAIN_SELF = YES;
				CLANG_WARN_OBJC_LITERAL_CONVERSION = YES;
				CLANG_WARN_OBJC_ROOT_CLASS = YES_ERROR;
				CLANG_WARN_QUOTED_INCLUDE_IN_FRAMEWORK_HEADER = YES;
				CLANG_WARN_RANGE_LOOP_ANALYSIS = YES;
				CLANG_WARN_STRICT_PROTOTYPES = YES;
				CLANG_WARN_SUSPICIOUS_MOVE = YES;
				CLANG_WARN_UNGUARDED_AVAILABILITY = YES_AGGRESSIVE;
				CLANG_WARN_UNREACHABLE_CODE = YES;
				CLANG_WARN__DUPLICATE_METHOD_MATCH = YES;
				CODE_SIGN_STYLE = Automatic;
				COPY_PHASE_STRIP = NO;
				CURRENT_PROJECT_VERSION = 8;
				DEBUG_INFORMATION_FORMAT = dwarf;
				ENABLE_HARDENED_RUNTIME = YES;
				ENABLE_STRICT_OBJC_MSGSEND = YES;
				ENABLE_TESTABILITY = YES;
				GCC_C_LANGUAGE_STANDARD = gnu11;
				GCC_DYNAMIC_NO_PIC = NO;
				GCC_NO_COMMON_BLOCKS = YES;
				GCC_OPTIMIZATION_LEVEL = 0;
				GCC_PREPROCESSOR_DEFINITIONS = (
					"$(inherited)",
					"DEBUG=1",
				);
				GCC_WARN_64_TO_32_BIT_CONVERSION = YES;
				GCC_WARN_ABOUT_RETURN_TYPE = YES_ERROR;
				GCC_WARN_UNDECLARED_SELECTOR = YES;
				GCC_WARN_UNINITIALIZED_AUTOS = YES_AGGRESSIVE;
				GCC_WARN_UNUSED_FUNCTION = YES;
				GCC_WARN_UNUSED_VARIABLE = YES;
				GENERATE_INFOPLIST_FILE = NO;
				MACOSX_DEPLOYMENT_TARGET = 14.0;
				MARKETING_VERSION = 0.8.0;
				MTL_ENABLE_DEBUG_INFO = INCLUDE_SOURCE;
				MTL_FAST_MATH = YES;
				ONLY_ACTIVE_ARCH = YES;
				PRODUCT_NAME = "$(TARGET_NAME)";
				SDKROOT = macosx;
				SWIFT_ACTIVE_COMPILATION_CONDITIONS = DEBUG;
				SWIFT_OPTIMIZATION_LEVEL = "-Onone";
				SWIFT_VERSION = 6.0;
			};
			name = Debug;
		};
		FAE03B471D48BB2B815EDF63 /* Release */ = {
			isa = XCBuildConfiguration;
			buildSettings = {
				ASSETCATALOG_COMPILER_APPICON_NAME = AppIcon;
				CODE_SIGN_ENTITLEMENTS = MinuteFlow/Supporting/MinuteFlow.entitlements;
				COMBINE_HIDPI_IMAGES = YES;
				INFOPLIST_FILE = MinuteFlow/Supporting/Info.plist;
				LD_RUNPATH_SEARCH_PATHS = (
					"$(inherited)",
					"@executable_path/../Frameworks",
				);
				PRODUCT_BUNDLE_IDENTIFIER = com.minuteflow.app;
				PRODUCT_NAME = MinuteFlow;
				SDKROOT = macosx;
			};
			name = Release;
		};
/* End XCBuildConfiguration section */

/* Begin XCConfigurationList section */
		4DA73E6C1841CA571293C590 /* Build configuration list for PBXProject "MinuteFlow" */ = {
			isa = XCConfigurationList;
			buildConfigurations = (
				B81EBC34CB9AFEA8A411FAD5 /* Debug */,
				795BAF207C2B589C8CD22749 /* Release */,
			);
			defaultConfigurationIsVisible = 0;
			defaultConfigurationName = Debug;
		};
		53D0970240EA97C1FB890A72 /* Build configuration list for PBXNativeTarget "MinuteFlowTests" */ = {
			isa = XCConfigurationList;
			buildConfigurations = (
				5918CB9949962442847320C3 /* Debug */,
				3DFD91CBB6AC3838890BCE1F /* Release */,
			);
			defaultConfigurationIsVisible = 0;
			defaultConfigurationName = Debug;
		};
		8526CA0BF628619F4AC46C53 /* Build configuration list for PBXNativeTarget "MinuteFlow" */ = {
			isa = XCConfigurationList;
			buildConfigurations = (
				01FF842BC75347DAE3E615D4 /* Debug */,
				FAE03B471D48BB2B815EDF63 /* Release */,
			);
			defaultConfigurationIsVisible = 0;
			defaultConfigurationName = Debug;
		};
/* End XCConfigurationList section */
	};
	rootObject = CC828D8360D815ABCCD870FD /* Project object */;
}
